
Microsoft Visual Studio Solution File, Format Version 12.00
# Visual Studio Version 17
VisualStudioVersion = 17.14.36623.8 d17.14
MinimumVisualStudioVersion = 10.0.40219.1
Project("{FAE04EC0-301F-11D3-BF4B-00C04F79EFBC}") = "Quản Lí Kho Vật Tư", "Quản Lí Kho Vật Tư\Quản Lí Kho Vật Tư.csproj", "{1F94D9BF-EA96-482B-88DE-E020F70714C7}"
EndProject
Global
	GlobalSection(SolutionConfigurationPlatforms) = preSolution
		Debug|Any CPU = Debug|Any CPU
		Release|Any CPU = Release|Any CPU
	EndGlobalSection
	GlobalSection(ProjectConfigurationPlatforms) = postSolution
		{1F94D9BF-EA96-482B-88DE-E020F70714C7}.Debug|Any CPU.ActiveCfg = Debug|Any CPU
		{1F94D9BF-EA96-482B-88DE-E020F70714C7}.Debug|Any CPU.Build.0 = Debug|Any CPU
		{1F94D9BF-EA96-482B-88DE-E020F70714C7}.Release|Any CPU.ActiveCfg = Release|Any CPU
		{1F94D9BF-EA96-482B-88DE-E020F70714C7}.Release|Any CPU.Build.0 = Release|Any CPU
	EndGlobalSection
	GlobalSection(SolutionProperties) = preSolution
		HideSolutionNode = FALSE
	EndGlobalSection
	GlobalSection(ExtensibilityGlobals) = postSolution
		SolutionGuid = {563EC1C9-5FEB-413F-B372-6BBF4207BF99}
	EndGlobalSection
EndGlobal
